
Microsoft Visual Studio Solution File, Format Version 12.00
# Visual Studio Version 16
VisualStudioVersion = 16.0.30503.244
MinimumVisualStudioVersion = 10.0.40219.1
Project("{FAE04EC0-301F-11D3-BF4B-00C04F79EFBC}") = "Lop Point và MoveablePoint", "Lop Point và MoveablePoint\Lop Point và MoveablePoint.csproj", "{50DCAE73-0DBE-4E1F-8233-EFB90C48A55D}"
EndProject
Global
	GlobalSection(SolutionConfigurationPlatforms) = preSolution
		Debug|Any CPU = Debug|Any CPU
		Release|Any CPU = Release|Any CPU
	EndGlobalSection
	GlobalSection(ProjectConfigurationPlatforms) = postSolution
		{50DCAE73-0DBE-4E1F-8233-EFB90C48A55D}.Debug|Any CPU.ActiveCfg = Debug|Any CPU
		{50DCAE73-0DBE-4E1F-8233-EFB90C48A55D}.Debug|Any CPU.Build.0 = Debug|Any CPU
		{50DCAE73-0DBE-4E1F-8233-EFB90C48A55D}.Release|Any CPU.ActiveCfg = Release|Any CPU
		{50DCAE73-0DBE-4E1F-8233-EFB90C48A55D}.Release|Any CPU.Build.0 = Release|Any CPU
	EndGlobalSection
	GlobalSection(SolutionProperties) = preSolution
		HideSolutionNode = FALSE
	EndGlobalSection
	GlobalSection(ExtensibilityGlobals) = postSolution
		SolutionGuid = {EC2D5740-19B9-43AC-A8DD-1DFCC6169012}
	EndGlobalSection
EndGlobal
